
Microsoft Visual Studio Solution File, Format Version 12.00
# Visual Studio Version 17
VisualStudioVersion = 17.2.32616.157
MinimumVisualStudioVersion = 10.0.40219.1
Project("{FAE04EC0-301F-11D3-BF4B-00C04F79EFBC}") = "TrainingDay1", "TrainingDay1\TrainingDay1.csproj", "{D3A4DFDD-B7D3-450D-ABB9-61F2B417DE40}"
EndProject
Global
	GlobalSection(SolutionConfigurationPlatforms) = preSolution
		Debug|Any CPU = Debug|Any CPU
		Release|Any CPU = Release|Any CPU
	EndGlobalSection
	GlobalSection(ProjectConfigurationPlatforms) = postSolution
		{D3A4DFDD-B7D3-450D-ABB9-61F2B417DE40}.Debug|Any CPU.ActiveCfg = Debug|Any CPU
		{D3A4DFDD-B7D3-450D-ABB9-61F2B417DE40}.Debug|Any CPU.Build.0 = Debug|Any CPU
		{D3A4DFDD-B7D3-450D-ABB9-61F2B417DE40}.Release|Any CPU.ActiveCfg = Release|Any CPU
		{D3A4DFDD-B7D3-450D-ABB9-61F2B417DE40}.Release|Any CPU.Build.0 = Release|Any CPU
	EndGlobalSection
	GlobalSection(SolutionProperties) = preSolution
		HideSolutionNode = FALSE
	EndGlobalSection
	GlobalSection(ExtensibilityGlobals) = postSolution
		SolutionGuid = {8F6C8504-DA94-4414-BB13-C84BFD869511}
	EndGlobalSection
EndGlobal
