
Microsoft Visual Studio Solution File, Format Version 12.00
# Visual Studio Version 17
VisualStudioVersion = 17.2.32616.157
MinimumVisualStudioVersion = 10.0.40219.1
Project("{FAE04EC0-301F-11D3-BF4B-00C04F79EFBC}") = "LinkGroupDB", "LinkGroupDB\LinkGroupDB.csproj", "{DE0F44C9-1287-4474-B560-BFCC97778E31}"
EndProject
Global
	GlobalSection(SolutionConfigurationPlatforms) = preSolution
		Debug|Any CPU = Debug|Any CPU
		Release|Any CPU = Release|Any CPU
	EndGlobalSection
	GlobalSection(ProjectConfigurationPlatforms) = postSolution
		{DE0F44C9-1287-4474-B560-BFCC97778E31}.Debug|Any CPU.ActiveCfg = Debug|Any CPU
		{DE0F44C9-1287-4474-B560-BFCC97778E31}.Debug|Any CPU.Build.0 = Debug|Any CPU
		{DE0F44C9-1287-4474-B560-BFCC97778E31}.Release|Any CPU.ActiveCfg = Release|Any CPU
		{DE0F44C9-1287-4474-B560-BFCC97778E31}.Release|Any CPU.Build.0 = Release|Any CPU
	EndGlobalSection
	GlobalSection(SolutionProperties) = preSolution
		HideSolutionNode = FALSE
	EndGlobalSection
	GlobalSection(ExtensibilityGlobals) = postSolution
		SolutionGuid = {15290598-47F0-4022-A3F9-DFFAC92608DE}
	EndGlobalSection
EndGlobal
